# Prisma Migrate lockfile v1

20200629145634-create-user
20200718151010-add-unique-to-user-enrollment
20200718152908-change-user-enrollment-to-string
20200722142040-create-room
20200806155841-create-schedule
20200806155902-create-reserve
20200806155922-create-user-reserve
20200807154248-remove-status-and-add-available-on-room
20200819150513-remove-password-on-user
20200831150055-chage-date-to-day-month-year-on-reserve
20200901160220-add-unique-to-email-on-user
20200909150552-create-friend
20200909152812-create-invite
20200924160650-tables-renamed-to-plural
20201005020456-create-periods
20201007034508-tables-renamed-to-singular
20201007040434-columns-renamed
20201016152701-create-role
20201023164145-data-base-changed-to-sqlite
20201030101817-change-day-month-year-to-date-time
20201108091449-change-role-to-admin-id-on-reserve
20201108153402-add-name-on-reserve
20201129094532-add-status-on-invite
20201130200828-change-to-optional-name-on-reserve
20201209131039-rename-invite-to-friend-request
20201226114040-add-status-on-user-reserve
20201226223704-columns-renamed-to-camelcase
20201229235058-create-color
20201229235156-add-color-on-user
20201229235334-add-color-on-user-reserve
20210108155604-removed-initial-hour-and-end-hour-of-period
20210108155719-add-unique-on-period-name
20210109141857-changed-available-to-status-on-room
20210109211443-create-role
20210109225503-create-tags
20210109235922-create-messages-and-messages-tags
20210110133513-relations-renamed
20210122093958-create-computers
20210213180500-computers-renamed-to-singular
20210310173703-create-computer-local
20210322164446-removed-unique-from-computer-identification
20210327162050-add-image-code-on-notice
20210327165237-create-notice-room
20210327165317-create-notice-computer
20210328142646-add-status-on-notice-and-rename-specialization-columns-names
20210329171032-add-type-on-notice